
Microsoft Visual Studio Solution File, Format Version 12.00
# Visual Studio Version 17
VisualStudioVersion = 17.11.35303.130
MinimumVisualStudioVersion = 10.0.40219.1
Project("{2150E333-8FDC-42A3-9474-1A3956D46DE8}") = "Task0.V15", "Task0.V15", "{0F4EFC17-95EC-4418-904A-6C1B2749030F}"
EndProject
Project("{FAE04EC0-301F-11D3-BF4B-00C04F79EFBC}") = "Tyuiu.ErmakovAA.Sprint1.Task0.V15", "Tyuiu.ErmakovAA.Sprint1.Task0.V15\Tyuiu.ErmakovAA.Sprint1.Task0.V15.csproj", "{1C1C6CCA-C4D7-44E4-AA2C-D2CDEA93EDB1}"
EndProject
Project("{FAE04EC0-301F-11D3-BF4B-00C04F79EFBC}") = "Tyuiu.ErmakovAA.Sprint1.Task0.V15.Test", "Tyuiu.ErmakovAA.Sprint1.Task0.V15.Test\Tyuiu.ErmakovAA.Sprint1.Task0.V15.Test.csproj", "{C58677AF-3015-498D-AC98-0F9C5594A6C3}"
EndProject
Project("{FAE04EC0-301F-11D3-BF4B-00C04F79EFBC}") = "Tyuiu.ErmakovAA.Sprint1.Task0.V15.Lib", "Tyuiu.ErmakovAA.Sprint1.Task0.V15.Lib\Tyuiu.ErmakovAA.Sprint1.Task0.V15.Lib.csproj", "{83DD6EBF-8622-4CC4-9900-499F170FBF07}"
EndProject
Global
	GlobalSection(SolutionConfigurationPlatforms) = preSolution
		Debug|Any CPU = Debug|Any CPU
		Release|Any CPU = Release|Any CPU
	EndGlobalSection
	GlobalSection(ProjectConfigurationPlatforms) = postSolution
		{1C1C6CCA-C4D7-44E4-AA2C-D2CDEA93EDB1}.Debug|Any CPU.ActiveCfg = Debug|Any CPU
		{1C1C6CCA-C4D7-44E4-AA2C-D2CDEA93EDB1}.Debug|Any CPU.Build.0 = Debug|Any CPU
		{1C1C6CCA-C4D7-44E4-AA2C-D2CDEA93EDB1}.Release|Any CPU.ActiveCfg = Release|Any CPU
		{1C1C6CCA-C4D7-44E4-AA2C-D2CDEA93EDB1}.Release|Any CPU.Build.0 = Release|Any CPU
		{C58677AF-3015-498D-AC98-0F9C5594A6C3}.Debug|Any CPU.ActiveCfg = Debug|Any CPU
		{C58677AF-3015-498D-AC98-0F9C5594A6C3}.Debug|Any CPU.Build.0 = Debug|Any CPU
		{C58677AF-3015-498D-AC98-0F9C5594A6C3}.Release|Any CPU.ActiveCfg = Release|Any CPU
		{C58677AF-3015-498D-AC98-0F9C5594A6C3}.Release|Any CPU.Build.0 = Release|Any CPU
		{83DD6EBF-8622-4CC4-9900-499F170FBF07}.Debug|Any CPU.ActiveCfg = Debug|Any CPU
		{83DD6EBF-8622-4CC4-9900-499F170FBF07}.Debug|Any CPU.Build.0 = Debug|Any CPU
		{83DD6EBF-8622-4CC4-9900-499F170FBF07}.Release|Any CPU.ActiveCfg = Release|Any CPU
		{83DD6EBF-8622-4CC4-9900-499F170FBF07}.Release|Any CPU.Build.0 = Release|Any CPU
	EndGlobalSection
	GlobalSection(SolutionProperties) = preSolution
		HideSolutionNode = FALSE
	EndGlobalSection
	GlobalSection(NestedProjects) = preSolution
		{1C1C6CCA-C4D7-44E4-AA2C-D2CDEA93EDB1} = {0F4EFC17-95EC-4418-904A-6C1B2749030F}
		{C58677AF-3015-498D-AC98-0F9C5594A6C3} = {0F4EFC17-95EC-4418-904A-6C1B2749030F}
		{83DD6EBF-8622-4CC4-9900-499F170FBF07} = {0F4EFC17-95EC-4418-904A-6C1B2749030F}
	EndGlobalSection
	GlobalSection(ExtensibilityGlobals) = postSolution
		SolutionGuid = {C9D828D1-9046-4441-AE08-52EC6ED8231B}
	EndGlobalSection
EndGlobal
