
Microsoft Visual Studio Solution File, Format Version 12.00
# Visual Studio Version 17
VisualStudioVersion = 17.11.35303.130
MinimumVisualStudioVersion = 10.0.40219.1
Project("{2150E333-8FDC-42A3-9474-1A3956D46DE8}") = "Task0.V15", "Task0.V15", "{0F4EFC17-95EC-4418-904A-6C1B2749030F}"
EndProject
Project("{FAE04EC0-301F-11D3-BF4B-00C04F79EFBC}") = "Tyuiu.ErmakovAA.Sprint1.Task0.V15", "Tyuiu.ErmakovAA.Sprint1.Task0.V15\Tyuiu.ErmakovAA.Sprint1.Task0.V15.csproj", "{1C1C6CCA-C4D7-44E4-AA2C-D2CDEA93EDB1}"
EndProject
Project("{FAE04EC0-301F-11D3-BF4B-00C04F79EFBC}") = "Tyuiu.ErmakovAA.Sprint1.Task0.V15.Test", "Tyuiu.ErmakovAA.Sprint1.Task0.V15.Test\Tyuiu.ErmakovAA.Sprint1.Task0.V15.Test.csproj", "{C58677AF-3015-498D-AC98-0F9C5594A6C3}"
EndProject
Project("{FAE04EC0-301F-11D3-BF4B-00C04F79EFBC}") = "Tyuiu.ErmakovAA.Sprint1.Task0.V15.Lib", "Tyuiu.ErmakovAA.Sprint1.Task0.V15.Lib\Tyuiu.ErmakovAA.Sprint1.Task0.V15.Lib.csproj", "{83DD6EBF-8622-4CC4-9900-499F170FBF07}"
EndProject
Project("{2150E333-8FDC-42A3-9474-1A3956D46DE8}") = "Task1.V24", "Task1.V24", "{59135C7E-A0FB-479E-B7C1-124ED332DCD6}"
EndProject
Project("{FAE04EC0-301F-11D3-BF4B-00C04F79EFBC}") = "Tyuiu.ErmakovAA.Sprint1.Task1.V24", "Tyuiu.ErmakovAA.Sprint1.Task1.V24\Tyuiu.ErmakovAA.Sprint1.Task1.V24.csproj", "{BAF9BC1A-65D7-4CD9-8D3A-4C9C15F1EC58}"
EndProject
Project("{FAE04EC0-301F-11D3-BF4B-00C04F79EFBC}") = "Tyuiu.ErmakovAA.Sprint1.Task1.V24.Lib", "Tyuiu.ErmakovAA.Sprint1.Task1.V24.Lib\Tyuiu.ErmakovAA.Sprint1.Task1.V24.Lib.csproj", "{5C4E8C77-965D-489D-845E-B2134671EAC5}"
EndProject
Project("{FAE04EC0-301F-11D3-BF4B-00C04F79EFBC}") = "Tyuiu.ErmakovAA.Sprint1.Task1.V24.Test", "Tyuiu.ErmakovAA.Sprint1.Task1.V24.Test\Tyuiu.ErmakovAA.Sprint1.Task1.V24.Test.csproj", "{BC58097F-A123-4020-9D80-51BA63907CBB}"
EndProject
Global
	GlobalSection(SolutionConfigurationPlatforms) = preSolution
		Debug|Any CPU = Debug|Any CPU
		Release|Any CPU = Release|Any CPU
	EndGlobalSection
	GlobalSection(ProjectConfigurationPlatforms) = postSolution
		{1C1C6CCA-C4D7-44E4-AA2C-D2CDEA93EDB1}.Debug|Any CPU.ActiveCfg = Debug|Any CPU
		{1C1C6CCA-C4D7-44E4-AA2C-D2CDEA93EDB1}.Debug|Any CPU.Build.0 = Debug|Any CPU
		{1C1C6CCA-C4D7-44E4-AA2C-D2CDEA93EDB1}.Release|Any CPU.ActiveCfg = Release|Any CPU
		{1C1C6CCA-C4D7-44E4-AA2C-D2CDEA93EDB1}.Release|Any CPU.Build.0 = Release|Any CPU
		{C58677AF-3015-498D-AC98-0F9C5594A6C3}.Debug|Any CPU.ActiveCfg = Debug|Any CPU
		{C58677AF-3015-498D-AC98-0F9C5594A6C3}.Debug|Any CPU.Build.0 = Debug|Any CPU
		{C58677AF-3015-498D-AC98-0F9C5594A6C3}.Release|Any CPU.ActiveCfg = Release|Any CPU
		{C58677AF-3015-498D-AC98-0F9C5594A6C3}.Release|Any CPU.Build.0 = Release|Any CPU
		{83DD6EBF-8622-4CC4-9900-499F170FBF07}.Debug|Any CPU.ActiveCfg = Debug|Any CPU
		{83DD6EBF-8622-4CC4-9900-499F170FBF07}.Debug|Any CPU.Build.0 = Debug|Any CPU
		{83DD6EBF-8622-4CC4-9900-499F170FBF07}.Release|Any CPU.ActiveCfg = Release|Any CPU
		{83DD6EBF-8622-4CC4-9900-499F170FBF07}.Release|Any CPU.Build.0 = Release|Any CPU
		{BAF9BC1A-65D7-4CD9-8D3A-4C9C15F1EC58}.Debug|Any CPU.ActiveCfg = Debug|Any CPU
		{BAF9BC1A-65D7-4CD9-8D3A-4C9C15F1EC58}.Debug|Any CPU.Build.0 = Debug|Any CPU
		{BAF9BC1A-65D7-4CD9-8D3A-4C9C15F1EC58}.Release|Any CPU.ActiveCfg = Release|Any CPU
		{BAF9BC1A-65D7-4CD9-8D3A-4C9C15F1EC58}.Release|Any CPU.Build.0 = Release|Any CPU
		{5C4E8C77-965D-489D-845E-B2134671EAC5}.Debug|Any CPU.ActiveCfg = Debug|Any CPU
		{5C4E8C77-965D-489D-845E-B2134671EAC5}.Debug|Any CPU.Build.0 = Debug|Any CPU
		{5C4E8C77-965D-489D-845E-B2134671EAC5}.Release|Any CPU.ActiveCfg = Release|Any CPU
		{5C4E8C77-965D-489D-845E-B2134671EAC5}.Release|Any CPU.Build.0 = Release|Any CPU
		{BC58097F-A123-4020-9D80-51BA63907CBB}.Debug|Any CPU.ActiveCfg = Debug|Any CPU
		{BC58097F-A123-4020-9D80-51BA63907CBB}.Debug|Any CPU.Build.0 = Debug|Any CPU
		{BC58097F-A123-4020-9D80-51BA63907CBB}.Release|Any CPU.ActiveCfg = Release|Any CPU
		{BC58097F-A123-4020-9D80-51BA63907CBB}.Release|Any CPU.Build.0 = Release|Any CPU
	EndGlobalSection
	GlobalSection(SolutionProperties) = preSolution
		HideSolutionNode = FALSE
	EndGlobalSection
	GlobalSection(NestedProjects) = preSolution
		{1C1C6CCA-C4D7-44E4-AA2C-D2CDEA93EDB1} = {0F4EFC17-95EC-4418-904A-6C1B2749030F}
		{C58677AF-3015-498D-AC98-0F9C5594A6C3} = {0F4EFC17-95EC-4418-904A-6C1B2749030F}
		{83DD6EBF-8622-4CC4-9900-499F170FBF07} = {0F4EFC17-95EC-4418-904A-6C1B2749030F}
		{BAF9BC1A-65D7-4CD9-8D3A-4C9C15F1EC58} = {59135C7E-A0FB-479E-B7C1-124ED332DCD6}
		{5C4E8C77-965D-489D-845E-B2134671EAC5} = {59135C7E-A0FB-479E-B7C1-124ED332DCD6}
		{BC58097F-A123-4020-9D80-51BA63907CBB} = {59135C7E-A0FB-479E-B7C1-124ED332DCD6}
	EndGlobalSection
	GlobalSection(ExtensibilityGlobals) = postSolution
		SolutionGuid = {C9D828D1-9046-4441-AE08-52EC6ED8231B}
	EndGlobalSection
EndGlobal
