
Microsoft Visual Studio Solution File, Format Version 12.00
# Visual Studio Version 17
VisualStudioVersion = 17.11.35303.130
MinimumVisualStudioVersion = 10.0.40219.1
Project("{2150E333-8FDC-42A3-9474-1A3956D46DE8}") = "Task0.V15", "Task0.V15", "{0F4EFC17-95EC-4418-904A-6C1B2749030F}"
EndProject
Project("{9A19103F-16F7-4668-BE54-9A1E7A4F7556}") = "Tyuiu.ErmakovAA.Sprint1.Task0.V15", "Tyuiu.ErmakovAA.Sprint1.Task0.V15\Tyuiu.ErmakovAA.Sprint1.Task0.V15.csproj", "{1C1C6CCA-C4D7-44E4-AA2C-D2CDEA93EDB1}"
EndProject
Project("{9A19103F-16F7-4668-BE54-9A1E7A4F7556}") = "Tyuiu.ErmakovAA.Sprint1.Task0.V15.Test", "Tyuiu.ErmakovAA.Sprint1.Task0.V15.Test\Tyuiu.ErmakovAA.Sprint1.Task0.V15.Test.csproj", "{C58677AF-3015-498D-AC98-0F9C5594A6C3}"
EndProject
Project("{9A19103F-16F7-4668-BE54-9A1E7A4F7556}") = "Tyuiu.ErmakovAA.Sprint1.Task0.V15.Lib", "Tyuiu.ErmakovAA.Sprint1.Task0.V15.Lib\Tyuiu.ErmakovAA.Sprint1.Task0.V15.Lib.csproj", "{83DD6EBF-8622-4CC4-9900-499F170FBF07}"
EndProject
Project("{2150E333-8FDC-42A3-9474-1A3956D46DE8}") = "Task1.V24", "Task1.V24", "{59135C7E-A0FB-479E-B7C1-124ED332DCD6}"
EndProject
Project("{9A19103F-16F7-4668-BE54-9A1E7A4F7556}") = "Tyuiu.ErmakovAA.Sprint1.Task1.V24", "Tyuiu.ErmakovAA.Sprint1.Task1.V24\Tyuiu.ErmakovAA.Sprint1.Task1.V24.csproj", "{BAF9BC1A-65D7-4CD9-8D3A-4C9C15F1EC58}"
EndProject
Project("{9A19103F-16F7-4668-BE54-9A1E7A4F7556}") = "Tyuiu.ErmakovAA.Sprint1.Task1.V24.Lib", "Tyuiu.ErmakovAA.Sprint1.Task1.V24.Lib\Tyuiu.ErmakovAA.Sprint1.Task1.V24.Lib.csproj", "{5C4E8C77-965D-489D-845E-B2134671EAC5}"
EndProject
Project("{9A19103F-16F7-4668-BE54-9A1E7A4F7556}") = "Tyuiu.ErmakovAA.Sprint1.Task1.V24.Test", "Tyuiu.ErmakovAA.Sprint1.Task1.V24.Test\Tyuiu.ErmakovAA.Sprint1.Task1.V24.Test.csproj", "{BC58097F-A123-4020-9D80-51BA63907CBB}"
EndProject
Project("{2150E333-8FDC-42A3-9474-1A3956D46DE8}") = "Task2.V10", "Task2.V10", "{103FEBF2-F6DD-41DD-B334-3152CEA84ED3}"
EndProject
Project("{9A19103F-16F7-4668-BE54-9A1E7A4F7556}") = "Tyuiu.ErmakovAA.Sprint1.Task2.V10", "Tyuiu.ErmakovAA.Sprint1.Task2.V10\Tyuiu.ErmakovAA.Sprint1.Task2.V10.csproj", "{0D341087-F7FF-482B-9A4B-2B9E73C5CCB9}"
EndProject
Project("{9A19103F-16F7-4668-BE54-9A1E7A4F7556}") = "Tyuiu.ErmakovAA.Sprint1.Task2.V10.Lib", "Tyuiu.ErmakovAA.Sprint1.Task2.V10.Lib\Tyuiu.ErmakovAA.Sprint1.Task2.V10.Lib.csproj", "{88C6D025-7960-4480-8A1C-32218A602D74}"
EndProject
Project("{9A19103F-16F7-4668-BE54-9A1E7A4F7556}") = "Tyuiu.ErmakovAA.Sprint1.Task2.V10.Test", "Tyuiu.ErmakovAA.Sprint1.Task2.V10.Test\Tyuiu.ErmakovAA.Sprint1.Task2.V10.Test.csproj", "{1E52DB39-C072-486F-AFB3-9F002BDFD3F6}"
EndProject
Project("{2150E333-8FDC-42A3-9474-1A3956D46DE8}") = "Task3.V5", "Task3.V5", "{312C7044-2593-46D8-9922-ADD472F64D2A}"
EndProject
Project("{9A19103F-16F7-4668-BE54-9A1E7A4F7556}") = "Tyuiu.ErmakovAA.Sprint1.Task3.V5", "Tyuiu.ErmakovAA.Sprint1.Task3.V5\Tyuiu.ErmakovAA.Sprint1.Task3.V5.csproj", "{A2FB3278-DB21-40EB-85DE-EAD8E9786E80}"
EndProject
Project("{9A19103F-16F7-4668-BE54-9A1E7A4F7556}") = "Tyuiu.ErmakovAA.Sprint1.Task3.V5.Test", "Tyuiu.ErmakovAA.Sprint1.Task3.V5.Test\Tyuiu.ErmakovAA.Sprint1.Task3.V5.Test.csproj", "{870FE960-7C57-486E-B38A-18C867072652}"
EndProject
Project("{9A19103F-16F7-4668-BE54-9A1E7A4F7556}") = "Tyuiu.ErmakovAA.Sprint1.Task3.V5.Lib", "Tyuiu.ErmakovAA.Sprint1.Task3.V5.Lib\Tyuiu.ErmakovAA.Sprint1.Task3.V5.Lib.csproj", "{6C2264B8-9C24-46CE-8009-D32BF8341E65}"
EndProject
Project("{2150E333-8FDC-42A3-9474-1A3956D46DE8}") = "Task4.V19", "Task4.V19", "{B4FD70EC-93B7-4101-85C3-AB4BA897C96D}"
EndProject
Project("{9A19103F-16F7-4668-BE54-9A1E7A4F7556}") = "Tyuiu.ErmakovAA.Sprint1.Task4.V19", "Tyuiu.ErmakovAA.Sprint1.Task4.V19\Tyuiu.ErmakovAA.Sprint1.Task4.V19.csproj", "{D11D2876-9BC3-41E3-BEEB-BDFE98CA8AA9}"
EndProject
Project("{9A19103F-16F7-4668-BE54-9A1E7A4F7556}") = "Tyuiu.ErmakovAA.Sprint1.Task4.V19.Lib", "Tyuiu.ErmakovAA.Sprint1.Task4.V19.Lib\Tyuiu.ErmakovAA.Sprint1.Task4.V19.Lib.csproj", "{B90A18C0-06E0-4126-8931-F7A35761342C}"
EndProject
Project("{9A19103F-16F7-4668-BE54-9A1E7A4F7556}") = "Tyuiu.ErmakovAA.Sprint1.Task4.V19.Test", "Tyuiu.ErmakovAA.Sprint1.Task4.V19.Test\Tyuiu.ErmakovAA.Sprint1.Task4.V19.Test.csproj", "{EEA56FBF-D903-4B79-BBB2-DA3D4C40878A}"
EndProject
Project("{2150E333-8FDC-42A3-9474-1A3956D46DE8}") = "Task5.V6", "Task5.V6", "{F0D54A56-0AA9-4DCA-9190-60F9EAAD5BC4}"
EndProject
Project("{2150E333-8FDC-42A3-9474-1A3956D46DE8}") = "NewFolder1", "NewFolder1", "{59C10080-311A-45F0-A80E-2042DACC18B1}"
EndProject
Project("{FAE04EC0-301F-11D3-BF4B-00C04F79EFBC}") = "ConsoleApp3", "ConsoleApp3\ConsoleApp3.csproj", "{A961DDD9-1824-4A04-A146-5C113E8F027C}"
EndProject
Project("{FAE04EC0-301F-11D3-BF4B-00C04F79EFBC}") = "Tyuiu.ErmakovAA.Sprint1.Task5.V6", "Tyuiu.ErmakovAA.Sprint1.Task5.V6\Tyuiu.ErmakovAA.Sprint1.Task5.V6.csproj", "{48332A50-6FCB-491B-B535-422467CAD7A9}"
EndProject
Project("{FAE04EC0-301F-11D3-BF4B-00C04F79EFBC}") = "Tyuiu.ErmakovAA.Sprint1.Task5.V6.Test", "Tyuiu.ErmakovAA.Sprint1.Task5.V6.Test\Tyuiu.ErmakovAA.Sprint1.Task5.V6.Test.csproj", "{9CF334EB-B242-4A70-8697-B3D5CCC3CCD5}"
EndProject
Project("{FAE04EC0-301F-11D3-BF4B-00C04F79EFBC}") = "Tyuiu.ErmakovAA.Sprint1.Task5.V6.Lib", "Tyuiu.ErmakovAA.Sprint1.Task5.V6.Lib\Tyuiu.ErmakovAA.Sprint1.Task5.V6.Lib.csproj", "{08C5385E-11E9-48BE-B983-2ED4BD8F0F0F}"
EndProject
Global
	GlobalSection(SolutionConfigurationPlatforms) = preSolution
		Debug|Any CPU = Debug|Any CPU
		Release|Any CPU = Release|Any CPU
	EndGlobalSection
	GlobalSection(ProjectConfigurationPlatforms) = postSolution
		{1C1C6CCA-C4D7-44E4-AA2C-D2CDEA93EDB1}.Debug|Any CPU.ActiveCfg = Debug|Any CPU
		{1C1C6CCA-C4D7-44E4-AA2C-D2CDEA93EDB1}.Debug|Any CPU.Build.0 = Debug|Any CPU
		{1C1C6CCA-C4D7-44E4-AA2C-D2CDEA93EDB1}.Release|Any CPU.ActiveCfg = Release|Any CPU
		{1C1C6CCA-C4D7-44E4-AA2C-D2CDEA93EDB1}.Release|Any CPU.Build.0 = Release|Any CPU
		{C58677AF-3015-498D-AC98-0F9C5594A6C3}.Debug|Any CPU.ActiveCfg = Debug|Any CPU
		{C58677AF-3015-498D-AC98-0F9C5594A6C3}.Debug|Any CPU.Build.0 = Debug|Any CPU
		{C58677AF-3015-498D-AC98-0F9C5594A6C3}.Release|Any CPU.ActiveCfg = Release|Any CPU
		{C58677AF-3015-498D-AC98-0F9C5594A6C3}.Release|Any CPU.Build.0 = Release|Any CPU
		{83DD6EBF-8622-4CC4-9900-499F170FBF07}.Debug|Any CPU.ActiveCfg = Debug|Any CPU
		{83DD6EBF-8622-4CC4-9900-499F170FBF07}.Debug|Any CPU.Build.0 = Debug|Any CPU
		{83DD6EBF-8622-4CC4-9900-499F170FBF07}.Release|Any CPU.ActiveCfg = Release|Any CPU
		{83DD6EBF-8622-4CC4-9900-499F170FBF07}.Release|Any CPU.Build.0 = Release|Any CPU
		{BAF9BC1A-65D7-4CD9-8D3A-4C9C15F1EC58}.Debug|Any CPU.ActiveCfg = Debug|Any CPU
		{BAF9BC1A-65D7-4CD9-8D3A-4C9C15F1EC58}.Debug|Any CPU.Build.0 = Debug|Any CPU
		{BAF9BC1A-65D7-4CD9-8D3A-4C9C15F1EC58}.Release|Any CPU.ActiveCfg = Release|Any CPU
		{BAF9BC1A-65D7-4CD9-8D3A-4C9C15F1EC58}.Release|Any CPU.Build.0 = Release|Any CPU
		{5C4E8C77-965D-489D-845E-B2134671EAC5}.Debug|Any CPU.ActiveCfg = Debug|Any CPU
		{5C4E8C77-965D-489D-845E-B2134671EAC5}.Debug|Any CPU.Build.0 = Debug|Any CPU
		{5C4E8C77-965D-489D-845E-B2134671EAC5}.Release|Any CPU.ActiveCfg = Release|Any CPU
		{5C4E8C77-965D-489D-845E-B2134671EAC5}.Release|Any CPU.Build.0 = Release|Any CPU
		{BC58097F-A123-4020-9D80-51BA63907CBB}.Debug|Any CPU.ActiveCfg = Debug|Any CPU
		{BC58097F-A123-4020-9D80-51BA63907CBB}.Debug|Any CPU.Build.0 = Debug|Any CPU
		{BC58097F-A123-4020-9D80-51BA63907CBB}.Release|Any CPU.ActiveCfg = Release|Any CPU
		{BC58097F-A123-4020-9D80-51BA63907CBB}.Release|Any CPU.Build.0 = Release|Any CPU
		{0D341087-F7FF-482B-9A4B-2B9E73C5CCB9}.Debug|Any CPU.ActiveCfg = Debug|Any CPU
		{0D341087-F7FF-482B-9A4B-2B9E73C5CCB9}.Debug|Any CPU.Build.0 = Debug|Any CPU
		{0D341087-F7FF-482B-9A4B-2B9E73C5CCB9}.Release|Any CPU.ActiveCfg = Release|Any CPU
		{0D341087-F7FF-482B-9A4B-2B9E73C5CCB9}.Release|Any CPU.Build.0 = Release|Any CPU
		{88C6D025-7960-4480-8A1C-32218A602D74}.Debug|Any CPU.ActiveCfg = Debug|Any CPU
		{88C6D025-7960-4480-8A1C-32218A602D74}.Debug|Any CPU.Build.0 = Debug|Any CPU
		{88C6D025-7960-4480-8A1C-32218A602D74}.Release|Any CPU.ActiveCfg = Release|Any CPU
		{88C6D025-7960-4480-8A1C-32218A602D74}.Release|Any CPU.Build.0 = Release|Any CPU
		{1E52DB39-C072-486F-AFB3-9F002BDFD3F6}.Debug|Any CPU.ActiveCfg = Debug|Any CPU
		{1E52DB39-C072-486F-AFB3-9F002BDFD3F6}.Debug|Any CPU.Build.0 = Debug|Any CPU
		{1E52DB39-C072-486F-AFB3-9F002BDFD3F6}.Release|Any CPU.ActiveCfg = Release|Any CPU
		{1E52DB39-C072-486F-AFB3-9F002BDFD3F6}.Release|Any CPU.Build.0 = Release|Any CPU
		{A2FB3278-DB21-40EB-85DE-EAD8E9786E80}.Debug|Any CPU.ActiveCfg = Debug|Any CPU
		{A2FB3278-DB21-40EB-85DE-EAD8E9786E80}.Debug|Any CPU.Build.0 = Debug|Any CPU
		{A2FB3278-DB21-40EB-85DE-EAD8E9786E80}.Release|Any CPU.ActiveCfg = Release|Any CPU
		{A2FB3278-DB21-40EB-85DE-EAD8E9786E80}.Release|Any CPU.Build.0 = Release|Any CPU
		{870FE960-7C57-486E-B38A-18C867072652}.Debug|Any CPU.ActiveCfg = Debug|Any CPU
		{870FE960-7C57-486E-B38A-18C867072652}.Debug|Any CPU.Build.0 = Debug|Any CPU
		{870FE960-7C57-486E-B38A-18C867072652}.Release|Any CPU.ActiveCfg = Release|Any CPU
		{870FE960-7C57-486E-B38A-18C867072652}.Release|Any CPU.Build.0 = Release|Any CPU
		{6C2264B8-9C24-46CE-8009-D32BF8341E65}.Debug|Any CPU.ActiveCfg = Debug|Any CPU
		{6C2264B8-9C24-46CE-8009-D32BF8341E65}.Debug|Any CPU.Build.0 = Debug|Any CPU
		{6C2264B8-9C24-46CE-8009-D32BF8341E65}.Release|Any CPU.ActiveCfg = Release|Any CPU
		{6C2264B8-9C24-46CE-8009-D32BF8341E65}.Release|Any CPU.Build.0 = Release|Any CPU
		{D11D2876-9BC3-41E3-BEEB-BDFE98CA8AA9}.Debug|Any CPU.ActiveCfg = Debug|Any CPU
		{D11D2876-9BC3-41E3-BEEB-BDFE98CA8AA9}.Debug|Any CPU.Build.0 = Debug|Any CPU
		{D11D2876-9BC3-41E3-BEEB-BDFE98CA8AA9}.Release|Any CPU.ActiveCfg = Release|Any CPU
		{D11D2876-9BC3-41E3-BEEB-BDFE98CA8AA9}.Release|Any CPU.Build.0 = Release|Any CPU
		{B90A18C0-06E0-4126-8931-F7A35761342C}.Debug|Any CPU.ActiveCfg = Debug|Any CPU
		{B90A18C0-06E0-4126-8931-F7A35761342C}.Debug|Any CPU.Build.0 = Debug|Any CPU
		{B90A18C0-06E0-4126-8931-F7A35761342C}.Release|Any CPU.ActiveCfg = Release|Any CPU
		{B90A18C0-06E0-4126-8931-F7A35761342C}.Release|Any CPU.Build.0 = Release|Any CPU
		{EEA56FBF-D903-4B79-BBB2-DA3D4C40878A}.Debug|Any CPU.ActiveCfg = Debug|Any CPU
		{EEA56FBF-D903-4B79-BBB2-DA3D4C40878A}.Debug|Any CPU.Build.0 = Debug|Any CPU
		{EEA56FBF-D903-4B79-BBB2-DA3D4C40878A}.Release|Any CPU.ActiveCfg = Release|Any CPU
		{EEA56FBF-D903-4B79-BBB2-DA3D4C40878A}.Release|Any CPU.Build.0 = Release|Any CPU
		{A961DDD9-1824-4A04-A146-5C113E8F027C}.Debug|Any CPU.ActiveCfg = Debug|Any CPU
		{A961DDD9-1824-4A04-A146-5C113E8F027C}.Debug|Any CPU.Build.0 = Debug|Any CPU
		{A961DDD9-1824-4A04-A146-5C113E8F027C}.Release|Any CPU.ActiveCfg = Release|Any CPU
		{A961DDD9-1824-4A04-A146-5C113E8F027C}.Release|Any CPU.Build.0 = Release|Any CPU
		{48332A50-6FCB-491B-B535-422467CAD7A9}.Debug|Any CPU.ActiveCfg = Debug|Any CPU
		{48332A50-6FCB-491B-B535-422467CAD7A9}.Debug|Any CPU.Build.0 = Debug|Any CPU
		{48332A50-6FCB-491B-B535-422467CAD7A9}.Release|Any CPU.ActiveCfg = Release|Any CPU
		{48332A50-6FCB-491B-B535-422467CAD7A9}.Release|Any CPU.Build.0 = Release|Any CPU
		{9CF334EB-B242-4A70-8697-B3D5CCC3CCD5}.Debug|Any CPU.ActiveCfg = Debug|Any CPU
		{9CF334EB-B242-4A70-8697-B3D5CCC3CCD5}.Debug|Any CPU.Build.0 = Debug|Any CPU
		{9CF334EB-B242-4A70-8697-B3D5CCC3CCD5}.Release|Any CPU.ActiveCfg = Release|Any CPU
		{9CF334EB-B242-4A70-8697-B3D5CCC3CCD5}.Release|Any CPU.Build.0 = Release|Any CPU
		{08C5385E-11E9-48BE-B983-2ED4BD8F0F0F}.Debug|Any CPU.ActiveCfg = Debug|Any CPU
		{08C5385E-11E9-48BE-B983-2ED4BD8F0F0F}.Debug|Any CPU.Build.0 = Debug|Any CPU
		{08C5385E-11E9-48BE-B983-2ED4BD8F0F0F}.Release|Any CPU.ActiveCfg = Release|Any CPU
		{08C5385E-11E9-48BE-B983-2ED4BD8F0F0F}.Release|Any CPU.Build.0 = Release|Any CPU
	EndGlobalSection
	GlobalSection(SolutionProperties) = preSolution
		HideSolutionNode = FALSE
	EndGlobalSection
	GlobalSection(NestedProjects) = preSolution
		{1C1C6CCA-C4D7-44E4-AA2C-D2CDEA93EDB1} = {0F4EFC17-95EC-4418-904A-6C1B2749030F}
		{C58677AF-3015-498D-AC98-0F9C5594A6C3} = {0F4EFC17-95EC-4418-904A-6C1B2749030F}
		{83DD6EBF-8622-4CC4-9900-499F170FBF07} = {0F4EFC17-95EC-4418-904A-6C1B2749030F}
		{BAF9BC1A-65D7-4CD9-8D3A-4C9C15F1EC58} = {59135C7E-A0FB-479E-B7C1-124ED332DCD6}
		{5C4E8C77-965D-489D-845E-B2134671EAC5} = {59135C7E-A0FB-479E-B7C1-124ED332DCD6}
		{BC58097F-A123-4020-9D80-51BA63907CBB} = {59135C7E-A0FB-479E-B7C1-124ED332DCD6}
		{0D341087-F7FF-482B-9A4B-2B9E73C5CCB9} = {103FEBF2-F6DD-41DD-B334-3152CEA84ED3}
		{88C6D025-7960-4480-8A1C-32218A602D74} = {103FEBF2-F6DD-41DD-B334-3152CEA84ED3}
		{1E52DB39-C072-486F-AFB3-9F002BDFD3F6} = {103FEBF2-F6DD-41DD-B334-3152CEA84ED3}
		{A2FB3278-DB21-40EB-85DE-EAD8E9786E80} = {312C7044-2593-46D8-9922-ADD472F64D2A}
		{870FE960-7C57-486E-B38A-18C867072652} = {312C7044-2593-46D8-9922-ADD472F64D2A}
		{6C2264B8-9C24-46CE-8009-D32BF8341E65} = {312C7044-2593-46D8-9922-ADD472F64D2A}
		{D11D2876-9BC3-41E3-BEEB-BDFE98CA8AA9} = {B4FD70EC-93B7-4101-85C3-AB4BA897C96D}
		{B90A18C0-06E0-4126-8931-F7A35761342C} = {B4FD70EC-93B7-4101-85C3-AB4BA897C96D}
		{EEA56FBF-D903-4B79-BBB2-DA3D4C40878A} = {B4FD70EC-93B7-4101-85C3-AB4BA897C96D}
		{A961DDD9-1824-4A04-A146-5C113E8F027C} = {59C10080-311A-45F0-A80E-2042DACC18B1}
		{48332A50-6FCB-491B-B535-422467CAD7A9} = {F0D54A56-0AA9-4DCA-9190-60F9EAAD5BC4}
		{9CF334EB-B242-4A70-8697-B3D5CCC3CCD5} = {F0D54A56-0AA9-4DCA-9190-60F9EAAD5BC4}
		{08C5385E-11E9-48BE-B983-2ED4BD8F0F0F} = {F0D54A56-0AA9-4DCA-9190-60F9EAAD5BC4}
	EndGlobalSection
	GlobalSection(ExtensibilityGlobals) = postSolution
		SolutionGuid = {C9D828D1-9046-4441-AE08-52EC6ED8231B}
	EndGlobalSection
EndGlobal
